
Microsoft Visual Studio Solution File, Format Version 12.00
# Visual Studio 15
VisualStudioVersion = 15.0.28010.2050
MinimumVisualStudioVersion = 10.0.40219.1
Project("{9A19103F-16F7-4668-BE54-9A1E7A4F7556}") = "Alexa.NET.Extensions.Lambda", "src\Alexa.NET.Extensions.Lambda\Alexa.NET.Extensions.Lambda.csproj", "{258535A5-93DC-4542-9E3C-5D01BFE05FA7}"
EndProject
Global
	GlobalSection(SolutionConfigurationPlatforms) = preSolution
		Debug|Any CPU = Debug|Any CPU
		Release|Any CPU = Release|Any CPU
	EndGlobalSection
	GlobalSection(ProjectConfigurationPlatforms) = postSolution
		{258535A5-93DC-4542-9E3C-5D01BFE05FA7}.Debug|Any CPU.ActiveCfg = Debug|Any CPU
		{258535A5-93DC-4542-9E3C-5D01BFE05FA7}.Debug|Any CPU.Build.0 = Debug|Any CPU
		{258535A5-93DC-4542-9E3C-5D01BFE05FA7}.Release|Any CPU.ActiveCfg = Release|Any CPU
		{258535A5-93DC-4542-9E3C-5D01BFE05FA7}.Release|Any CPU.Build.0 = Release|Any CPU
	EndGlobalSection
	GlobalSection(SolutionProperties) = preSolution
		HideSolutionNode = FALSE
	EndGlobalSection
	GlobalSection(ExtensibilityGlobals) = postSolution
		SolutionGuid = {B52944E2-54C8-4D1D-8EEC-4E47A64F86C8}
	EndGlobalSection
EndGlobal
